
Microsoft Visual Studio Solution File, Format Version 12.00
# Visual Studio Version 16
VisualStudioVersion = 16.0.29020.237
MinimumVisualStudioVersion = 10.0.40219.1
Project("{9A19103F-16F7-4668-BE54-9A1E7A4F7556}") = "Salon.Data", "Salon.Data\Salon.Data.csproj", "{DB10CB5D-BAE4-4018-B18E-AB505FD5BA80}"
EndProject
Project("{9A19103F-16F7-4668-BE54-9A1E7A4F7556}") = "Salon.API", "Salon.API\Salon.API.csproj", "{9C72FB57-8FC9-414D-9940-A5B8FAFC90E9}"
EndProject
Project("{9A19103F-16F7-4668-BE54-9A1E7A4F7556}") = "Salon.Data.Base", "Salon.Data.Base\Salon.Data.Base.csproj", "{AA578D39-84F2-4AA2-BB6F-2A08FCE004F4}"
EndProject
Project("{9A19103F-16F7-4668-BE54-9A1E7A4F7556}") = "Salon.Domain", "Salon.Domain\Salon.Domain.csproj", "{A16D3B85-3306-4F08-9653-C088DBB53045}"
EndProject
Project("{9A19103F-16F7-4668-BE54-9A1E7A4F7556}") = "Salon.Service", "Salon.Service\Salon.Service.csproj", "{1572FD4E-F91D-4C97-BACC-BBBF17C1EC7B}"
EndProject
Project("{FAE04EC0-301F-11D3-BF4B-00C04F79EFBC}") = "Salon.Console.CsvParser", "Salon.Console.CsvParser\Salon.Console.CsvParser.csproj", "{B02D6256-75E9-4A62-847F-397CA06A7EBA}"
EndProject
Global
	GlobalSection(SolutionConfigurationPlatforms) = preSolution
		Debug|Any CPU = Debug|Any CPU
		Release|Any CPU = Release|Any CPU
	EndGlobalSection
	GlobalSection(ProjectConfigurationPlatforms) = postSolution
		{DB10CB5D-BAE4-4018-B18E-AB505FD5BA80}.Debug|Any CPU.ActiveCfg = Debug|Any CPU
		{DB10CB5D-BAE4-4018-B18E-AB505FD5BA80}.Debug|Any CPU.Build.0 = Debug|Any CPU
		{DB10CB5D-BAE4-4018-B18E-AB505FD5BA80}.Release|Any CPU.ActiveCfg = Release|Any CPU
		{DB10CB5D-BAE4-4018-B18E-AB505FD5BA80}.Release|Any CPU.Build.0 = Release|Any CPU
		{9C72FB57-8FC9-414D-9940-A5B8FAFC90E9}.Debug|Any CPU.ActiveCfg = Debug|Any CPU
		{9C72FB57-8FC9-414D-9940-A5B8FAFC90E9}.Debug|Any CPU.Build.0 = Debug|Any CPU
		{9C72FB57-8FC9-414D-9940-A5B8FAFC90E9}.Release|Any CPU.ActiveCfg = Release|Any CPU
		{9C72FB57-8FC9-414D-9940-A5B8FAFC90E9}.Release|Any CPU.Build.0 = Release|Any CPU
		{AA578D39-84F2-4AA2-BB6F-2A08FCE004F4}.Debug|Any CPU.ActiveCfg = Debug|Any CPU
		{AA578D39-84F2-4AA2-BB6F-2A08FCE004F4}.Debug|Any CPU.Build.0 = Debug|Any CPU
		{AA578D39-84F2-4AA2-BB6F-2A08FCE004F4}.Release|Any CPU.ActiveCfg = Release|Any CPU
		{AA578D39-84F2-4AA2-BB6F-2A08FCE004F4}.Release|Any CPU.Build.0 = Release|Any CPU
		{A16D3B85-3306-4F08-9653-C088DBB53045}.Debug|Any CPU.ActiveCfg = Debug|Any CPU
		{A16D3B85-3306-4F08-9653-C088DBB53045}.Debug|Any CPU.Build.0 = Debug|Any CPU
		{A16D3B85-3306-4F08-9653-C088DBB53045}.Release|Any CPU.ActiveCfg = Release|Any CPU
		{A16D3B85-3306-4F08-9653-C088DBB53045}.Release|Any CPU.Build.0 = Release|Any CPU
		{1572FD4E-F91D-4C97-BACC-BBBF17C1EC7B}.Debug|Any CPU.ActiveCfg = Debug|Any CPU
		{1572FD4E-F91D-4C97-BACC-BBBF17C1EC7B}.Debug|Any CPU.Build.0 = Debug|Any CPU
		{1572FD4E-F91D-4C97-BACC-BBBF17C1EC7B}.Release|Any CPU.ActiveCfg = Release|Any CPU
		{1572FD4E-F91D-4C97-BACC-BBBF17C1EC7B}.Release|Any CPU.Build.0 = Release|Any CPU
		{B02D6256-75E9-4A62-847F-397CA06A7EBA}.Debug|Any CPU.ActiveCfg = Debug|Any CPU
		{B02D6256-75E9-4A62-847F-397CA06A7EBA}.Debug|Any CPU.Build.0 = Debug|Any CPU
		{B02D6256-75E9-4A62-847F-397CA06A7EBA}.Release|Any CPU.ActiveCfg = Release|Any CPU
		{B02D6256-75E9-4A62-847F-397CA06A7EBA}.Release|Any CPU.Build.0 = Release|Any CPU
	EndGlobalSection
	GlobalSection(SolutionProperties) = preSolution
		HideSolutionNode = FALSE
	EndGlobalSection
	GlobalSection(ExtensibilityGlobals) = postSolution
		SolutionGuid = {67EA132D-7C1E-4636-A755-2B74DDF4C30A}
	EndGlobalSection
EndGlobal
