
Microsoft Visual Studio Solution File, Format Version 12.00
# Visual Studio 15
VisualStudioVersion = 15.0.28307.489
MinimumVisualStudioVersion = 10.0.40219.1
Project("{FAE04EC0-301F-11D3-BF4B-00C04F79EFBC}") = "Salon.Data", "Salon.Data\Salon.Data.csproj", "{DB10CB5D-BAE4-4018-B18E-AB505FD5BA80}"
EndProject
Project("{FAE04EC0-301F-11D3-BF4B-00C04F79EFBC}") = "Salon.API", "Salon.API\Salon.API.csproj", "{9C72FB57-8FC9-414D-9940-A5B8FAFC90E9}"
EndProject
Global
	GlobalSection(SolutionConfigurationPlatforms) = preSolution
		Debug|Any CPU = Debug|Any CPU
		Release|Any CPU = Release|Any CPU
	EndGlobalSection
	GlobalSection(ProjectConfigurationPlatforms) = postSolution
		{DB10CB5D-BAE4-4018-B18E-AB505FD5BA80}.Debug|Any CPU.ActiveCfg = Debug|Any CPU
		{DB10CB5D-BAE4-4018-B18E-AB505FD5BA80}.Debug|Any CPU.Build.0 = Debug|Any CPU
		{DB10CB5D-BAE4-4018-B18E-AB505FD5BA80}.Release|Any CPU.ActiveCfg = Release|Any CPU
		{DB10CB5D-BAE4-4018-B18E-AB505FD5BA80}.Release|Any CPU.Build.0 = Release|Any CPU
		{9C72FB57-8FC9-414D-9940-A5B8FAFC90E9}.Debug|Any CPU.ActiveCfg = Debug|Any CPU
		{9C72FB57-8FC9-414D-9940-A5B8FAFC90E9}.Debug|Any CPU.Build.0 = Debug|Any CPU
		{9C72FB57-8FC9-414D-9940-A5B8FAFC90E9}.Release|Any CPU.ActiveCfg = Release|Any CPU
		{9C72FB57-8FC9-414D-9940-A5B8FAFC90E9}.Release|Any CPU.Build.0 = Release|Any CPU
	EndGlobalSection
	GlobalSection(SolutionProperties) = preSolution
		HideSolutionNode = FALSE
	EndGlobalSection
	GlobalSection(ExtensibilityGlobals) = postSolution
		SolutionGuid = {67EA132D-7C1E-4636-A755-2B74DDF4C30A}
	EndGlobalSection
EndGlobal
